
Microsoft Visual Studio Solution File, Format Version 12.00
# Visual Studio Version 17
VisualStudioVersion = 17.3.32804.467
MinimumVisualStudioVersion = 10.0.40219.1
Project("{9A19103F-16F7-4668-BE54-9A1E7A4F7556}") = "Selenium", "Selenium\Selenium.csproj", "{9EF8DB90-88FC-4590-BD18-F7E77A60E595}"
EndProject
Project("{2150E333-8FDC-42A3-9474-1A3956D46DE8}") = "Solution Items", "Solution Items", "{28A33519-7D28-45A8-8FB7-548A831E6D12}"
	ProjectSection(SolutionItems) = preProject
		.editorconfig = .editorconfig
	EndProjectSection
EndProject
Project("{FAE04EC0-301F-11D3-BF4B-00C04F79EFBC}") = "Selenium.Tests", "Selenium.Tests\Selenium.Tests.csproj", "{8692FDB9-20D2-47F5-8139-9063EB737459}"
EndProject
Global
	GlobalSection(SolutionConfigurationPlatforms) = preSolution
		Debug|Any CPU = Debug|Any CPU
		Release|Any CPU = Release|Any CPU
	EndGlobalSection
	GlobalSection(ProjectConfigurationPlatforms) = postSolution
		{9EF8DB90-88FC-4590-BD18-F7E77A60E595}.Debug|Any CPU.ActiveCfg = Debug|Any CPU
		{9EF8DB90-88FC-4590-BD18-F7E77A60E595}.Debug|Any CPU.Build.0 = Debug|Any CPU
		{9EF8DB90-88FC-4590-BD18-F7E77A60E595}.Release|Any CPU.ActiveCfg = Release|Any CPU
		{9EF8DB90-88FC-4590-BD18-F7E77A60E595}.Release|Any CPU.Build.0 = Release|Any CPU
		{8692FDB9-20D2-47F5-8139-9063EB737459}.Debug|Any CPU.ActiveCfg = Debug|Any CPU
		{8692FDB9-20D2-47F5-8139-9063EB737459}.Debug|Any CPU.Build.0 = Debug|Any CPU
		{8692FDB9-20D2-47F5-8139-9063EB737459}.Release|Any CPU.ActiveCfg = Release|Any CPU
		{8692FDB9-20D2-47F5-8139-9063EB737459}.Release|Any CPU.Build.0 = Release|Any CPU
	EndGlobalSection
	GlobalSection(SolutionProperties) = preSolution
		HideSolutionNode = FALSE
	EndGlobalSection
	GlobalSection(ExtensibilityGlobals) = postSolution
		SolutionGuid = {6AF92E51-3C72-4DA9-A32D-A92ACE15C4BD}
	EndGlobalSection
EndGlobal
